
Microsoft Visual Studio Solution File, Format Version 12.00
# Visual Studio 15
VisualStudioVersion = 15.0.27130.2024
MinimumVisualStudioVersion = 10.0.40219.1
Project("{FAE04EC0-301F-11D3-BF4B-00C04F79EFBC}") = "ClienteUdp", "ClienteUdp\ClienteUdp.csproj", "{D23B9C3C-D62E-4B1A-9F72-3754CFE47D07}"
EndProject
Global
	GlobalSection(SolutionConfigurationPlatforms) = preSolution
		Debug|Any CPU = Debug|Any CPU
		Release|Any CPU = Release|Any CPU
	EndGlobalSection
	GlobalSection(ProjectConfigurationPlatforms) = postSolution
		{D23B9C3C-D62E-4B1A-9F72-3754CFE47D07}.Debug|Any CPU.ActiveCfg = Debug|Any CPU
		{D23B9C3C-D62E-4B1A-9F72-3754CFE47D07}.Debug|Any CPU.Build.0 = Debug|Any CPU
		{D23B9C3C-D62E-4B1A-9F72-3754CFE47D07}.Release|Any CPU.ActiveCfg = Release|Any CPU
		{D23B9C3C-D62E-4B1A-9F72-3754CFE47D07}.Release|Any CPU.Build.0 = Release|Any CPU
	EndGlobalSection
	GlobalSection(SolutionProperties) = preSolution
		HideSolutionNode = FALSE
	EndGlobalSection
	GlobalSection(ExtensibilityGlobals) = postSolution
		SolutionGuid = {8E76952B-0832-4CD2-AA47-931BAE8B750B}
	EndGlobalSection
EndGlobal
